
Microsoft Visual Studio Solution File, Format Version 12.00
# Visual Studio Version 16
VisualStudioVersion = 16.0.30621.155
MinimumVisualStudioVersion = 10.0.40219.1
Project("{FAE04EC0-301F-11D3-BF4B-00C04F79EFBC}") = "ForDeepL_pasteAPP", "ForDeepL_pasteAPP\ForDeepL_pasteAPP.csproj", "{6C9F9192-33E7-4CA1-899E-E1E8524370D0}"
EndProject
Global
	GlobalSection(SolutionConfigurationPlatforms) = preSolution
		Debug|Any CPU = Debug|Any CPU
		Release|Any CPU = Release|Any CPU
	EndGlobalSection
	GlobalSection(ProjectConfigurationPlatforms) = postSolution
		{6C9F9192-33E7-4CA1-899E-E1E8524370D0}.Debug|Any CPU.ActiveCfg = Debug|Any CPU
		{6C9F9192-33E7-4CA1-899E-E1E8524370D0}.Debug|Any CPU.Build.0 = Debug|Any CPU
		{6C9F9192-33E7-4CA1-899E-E1E8524370D0}.Release|Any CPU.ActiveCfg = Release|Any CPU
		{6C9F9192-33E7-4CA1-899E-E1E8524370D0}.Release|Any CPU.Build.0 = Release|Any CPU
	EndGlobalSection
	GlobalSection(SolutionProperties) = preSolution
		HideSolutionNode = FALSE
	EndGlobalSection
	GlobalSection(ExtensibilityGlobals) = postSolution
		SolutionGuid = {06E490B3-0709-48B8-8897-AFC8E5A9C460}
	EndGlobalSection
EndGlobal
